# This file is automatically @generated by Cargo.
# It is not intended for manual editing.
version = 4

[[package]]
name = "boggers_apps"
version = "0.1.0"
dependencies = [
 "boggers_gui",
 "boggers_kernel",
 "boggers_libos",
]

[[package]]
name = "boggers_drivers"
version = "0.1.0"
dependencies = [
 "boggers_hal",
 "boggers_kernel",
]

[[package]]
name = "boggers_gui"
version = "0.1.0"
dependencies = [
 "boggers_kernel",
 "boggers_libos",
]

[[package]]
name = "boggers_hal"
version = "0.1.0"
dependencies = [
 "boggers_kernel",
]

[[package]]
name = "boggers_kernel"
version = "0.1.0"

[[package]]
name = "boggers_libos"
version = "0.1.0"
dependencies = [
 "boggers_kernel",
 "boggers_syscall",
]

[[package]]
name = "boggers_os"
version = "0.1.0"
dependencies = [
 "boggers_apps",
 "boggers_drivers",
 "boggers_gui",
 "boggers_hal",
 "boggers_kernel",
 "boggers_libos",
 "boggers_syscall",
]

[[package]]
name = "boggers_syscall"
version = "0.1.0"
dependencies = [
 "boggers_kernel",
]
